
Microsoft Visual Studio Solution File, Format Version 12.00
# Visual Studio 15
VisualStudioVersion = 15.0.27004.2006
MinimumVisualStudioVersion = 10.0.40219.1
Project("{FAE04EC0-301F-11D3-BF4B-00C04F79EFBC}") = "Ex05.UI", "Ex05.UI\Ex05.UI.csproj", "{F2063829-6C22-4B07-94E0-38AA7781B141}"
	ProjectSection(ProjectDependencies) = postProject
		{C69FBCEB-B745-422A-9D95-00F0771529CF} = {C69FBCEB-B745-422A-9D95-00F0771529CF}
	EndProjectSection
EndProject
Project("{FAE04EC0-301F-11D3-BF4B-00C04F79EFBC}") = "Ex05.Logic", "Ex05.Logic\Ex05.Logic.csproj", "{C69FBCEB-B745-422A-9D95-00F0771529CF}"
EndProject
Project("{2150E333-8FDC-42A3-9474-1A3956D46DE8}") = "Solution Items", "Solution Items", "{CD9FC7AE-31F2-47D8-B560-227312ED266E}"
	ProjectSection(SolutionItems) = preProject
		Exercise Checking Report.txt = Exercise Checking Report.txt
	EndProjectSection
EndProject
Global
	GlobalSection(SolutionConfigurationPlatforms) = preSolution
		Debug|Any CPU = Debug|Any CPU
		Release|Any CPU = Release|Any CPU
	EndGlobalSection
	GlobalSection(ProjectConfigurationPlatforms) = postSolution
		{F2063829-6C22-4B07-94E0-38AA7781B141}.Debug|Any CPU.ActiveCfg = Debug|Any CPU
		{F2063829-6C22-4B07-94E0-38AA7781B141}.Debug|Any CPU.Build.0 = Debug|Any CPU
		{F2063829-6C22-4B07-94E0-38AA7781B141}.Release|Any CPU.ActiveCfg = Release|Any CPU
		{F2063829-6C22-4B07-94E0-38AA7781B141}.Release|Any CPU.Build.0 = Release|Any CPU
		{C69FBCEB-B745-422A-9D95-00F0771529CF}.Debug|Any CPU.ActiveCfg = Debug|Any CPU
		{C69FBCEB-B745-422A-9D95-00F0771529CF}.Debug|Any CPU.Build.0 = Debug|Any CPU
		{C69FBCEB-B745-422A-9D95-00F0771529CF}.Release|Any CPU.ActiveCfg = Release|Any CPU
		{C69FBCEB-B745-422A-9D95-00F0771529CF}.Release|Any CPU.Build.0 = Release|Any CPU
	EndGlobalSection
	GlobalSection(SolutionProperties) = preSolution
		HideSolutionNode = FALSE
	EndGlobalSection
	GlobalSection(ExtensibilityGlobals) = postSolution
		SolutionGuid = {8C483F97-85A0-4AD9-A702-C6FFFFEB63EB}
	EndGlobalSection
EndGlobal
